
Microsoft Visual Studio Solution File, Format Version 12.00
# Visual Studio Version 17
VisualStudioVersion = 17.13.35806.99 d17.13
MinimumVisualStudioVersion = 10.0.40219.1
Project("{FAE04EC0-301F-11D3-BF4B-00C04F79EFBC}") = "StudentManagementV1.2", "StudentManagementV1.2\StudentManagementV1.2.csproj", "{6214B5EC-C51E-4316-AA35-3830274C8ED5}"
EndProject
Global
	GlobalSection(SolutionConfigurationPlatforms) = preSolution
		Debug|Any CPU = Debug|Any CPU
		Release|Any CPU = Release|Any CPU
	EndGlobalSection
	GlobalSection(ProjectConfigurationPlatforms) = postSolution
		{6214B5EC-C51E-4316-AA35-3830274C8ED5}.Debug|Any CPU.ActiveCfg = Debug|Any CPU
		{6214B5EC-C51E-4316-AA35-3830274C8ED5}.Debug|Any CPU.Build.0 = Debug|Any CPU
		{6214B5EC-C51E-4316-AA35-3830274C8ED5}.Release|Any CPU.ActiveCfg = Release|Any CPU
		{6214B5EC-C51E-4316-AA35-3830274C8ED5}.Release|Any CPU.Build.0 = Release|Any CPU
	EndGlobalSection
	GlobalSection(SolutionProperties) = preSolution
		HideSolutionNode = FALSE
	EndGlobalSection
	GlobalSection(ExtensibilityGlobals) = postSolution
		SolutionGuid = {DC6D6688-3871-48C8-A344-3612EF771880}
	EndGlobalSection
EndGlobal
